
Microsoft Visual Studio Solution File, Format Version 12.00
# Visual Studio Version 16
VisualStudioVersion = 16.0.33130.400
MinimumVisualStudioVersion = 10.0.40219.1
Project("{FAE04EC0-301F-11D3-BF4B-00C04F79EFBC}") = "OxygenNotIncluded", "OxygenNotIncluded\OxygenNotIncluded.csproj", "{AAAEE9D5-6D53-4302-AE69-6F7582905F89}"
EndProject
Project("{FAE04EC0-301F-11D3-BF4B-00C04F79EFBC}") = "无限拖把", "无限拖把\无限拖把.csproj", "{7E22B380-0523-44CB-A9A5-395222A06350}"
EndProject
Project("{FAE04EC0-301F-11D3-BF4B-00C04F79EFBC}") = "捕捉飞行动物和鱼", "捕捉飞行动物和鱼\捕捉飞行动物和鱼.csproj", "{D5B3598E-DA14-4D97-9214-111D48750EB2}"
EndProject
Project("{FAE04EC0-301F-11D3-BF4B-00C04F79EFBC}") = "动物更耐高低温", "动物更耐高低温\动物更耐高低温.csproj", "{6810795A-689E-49E3-BC74-FDF521A2742C}"
EndProject
Project("{FAE04EC0-301F-11D3-BF4B-00C04F79EFBC}") = "辐射蜂巢耐热", "辐射蜂巢耐热\辐射蜂巢耐热.csproj", "{1A887CF9-7F58-485A-A100-D04A3F1676F8}"
EndProject
Project("{FAE04EC0-301F-11D3-BF4B-00C04F79EFBC}") = "按摩床恢复速度", "按摩床恢复速度\按摩床恢复速度.csproj", "{F54E9F5E-1B17-4EB3-8163-6E31182B7360}"
EndProject
Project("{FAE04EC0-301F-11D3-BF4B-00C04F79EFBC}") = "智能冰箱", "智能冰箱\智能冰箱.csproj", "{98EF1D53-E32F-4F1B-9845-C65A089189E6}"
EndProject
Project("{FAE04EC0-301F-11D3-BF4B-00C04F79EFBC}") = "永不串气电解器", "永不串气电解器\永不串气电解器.csproj", "{849A3C31-3481-4971-826B-C9A11C7195B3}"
EndProject
Project("{FAE04EC0-301F-11D3-BF4B-00C04F79EFBC}") = "超视望远镜", "超视望远镜\超视望远镜.csproj", "{2367083D-B7E9-4B52-836D-DE981AE26CAB}"
EndProject
Project("{FAE04EC0-301F-11D3-BF4B-00C04F79EFBC}") = "更多泉与火山", "更多泉与火山\更多泉与火山.csproj", "{F13FBAA4-6F0D-44F7-BB94-2F319CB4D951}"
EndProject
Project("{FAE04EC0-301F-11D3-BF4B-00C04F79EFBC}") = "修改泉属性", "修改泉属性\修改泉属性.csproj", "{07A5ACF7-86A0-42E2-A846-E3225C0FFEAD}"
EndProject
Project("{FAE04EC0-301F-11D3-BF4B-00C04F79EFBC}") = "冷光吸顶灯", "冷光吸顶灯\冷光吸顶灯.csproj", "{E6293D83-68DA-42F5-893D-7235E166951E}"
EndProject
Project("{FAE04EC0-301F-11D3-BF4B-00C04F79EFBC}") = "树鼠种植密度", "树鼠种植密度\树鼠种植密度.csproj", "{25489FE2-27C7-4471-9DAF-247FD7E84556}"
EndProject
Project("{FAE04EC0-301F-11D3-BF4B-00C04F79EFBC}") = "动物无限繁殖", "动物无限繁殖\动物无限繁殖.csproj", "{1561FD3B-2775-4F9F-9CB0-3BFBBEF659A7}"
EndProject
Project("{FAE04EC0-301F-11D3-BF4B-00C04F79EFBC}") = "获得所有好特质", "获得所有好特质\获得所有好特质.csproj", "{07702814-F0CC-455F-BA09-849AC34BB4A7}"
EndProject
Project("{FAE04EC0-301F-11D3-BF4B-00C04F79EFBC}") = "自动收获", "自动收获\自动收获.csproj", "{3AE2D106-B582-4D95-952D-1CE28A1DB166}"
EndProject
Project("{FAE04EC0-301F-11D3-BF4B-00C04F79EFBC}") = "改造液氢引擎", "改造液氢引擎\改造液氢引擎.csproj", "{F8AE99FD-46D2-4817-BD27-283DE51F81E7}"
EndProject
Project("{FAE04EC0-301F-11D3-BF4B-00C04F79EFBC}") = "改造储气液库", "改造储气液库\改造储气液库.csproj", "{80DF400D-6A07-417D-B7EA-B112CE461FB9}"
EndProject
Project("{FAE04EC0-301F-11D3-BF4B-00C04F79EFBC}") = "无极变速", "无极变速\无极变速.csproj", "{BDE5BEDF-7EF2-480E-82CE-6ADC81F44715}"
EndProject
Project("{FAE04EC0-301F-11D3-BF4B-00C04F79EFBC}") = "高频电炉", "高频电炉\高频电炉.csproj", "{365FD0F1-149B-4E58-981E-AF5E34580FF7}"
EndProject
Project("{FAE04EC0-301F-11D3-BF4B-00C04F79EFBC}") = "最后的基地", "最后的基地\最后的基地.csproj", "{77AD1CFA-CA83-44D4-8CAF-D6E7D2975E58}"
EndProject
Project("{FAE04EC0-301F-11D3-BF4B-00C04F79EFBC}") = "精准采集", "精准采集\精准采集.csproj", "{87BFDDF0-03E5-42E0-8947-7BA0B880A09D}"
EndProject
Project("{FAE04EC0-301F-11D3-BF4B-00C04F79EFBC}") = "方块墙", "方块墙\方块墙.csproj", "{4BAAD88E-AC11-4A58-89A6-34C739CF86E4}"
EndProject
Project("{FAE04EC0-301F-11D3-BF4B-00C04F79EFBC}") = "末日浩劫", "末日浩劫\末日浩劫.csproj", "{5C964D36-D474-4BA0-8E01-FA30CD715C12}"
EndProject
Project("{FAE04EC0-301F-11D3-BF4B-00C04F79EFBC}") = "虚空入侵", "虚空入侵\虚空入侵.csproj", "{749C06B9-BBE5-48E8-8F61-6E48E6225FDF}"
EndProject
Project("{FAE04EC0-301F-11D3-BF4B-00C04F79EFBC}") = "大一统", "大一统\大一统.csproj", "{6E047260-603D-4CCC-B06E-199727200AB7}"
EndProject
Global
	GlobalSection(SolutionConfigurationPlatforms) = preSolution
		Debug|Any CPU = Debug|Any CPU
		Release|Any CPU = Release|Any CPU
	EndGlobalSection
	GlobalSection(ProjectConfigurationPlatforms) = postSolution
		{AAAEE9D5-6D53-4302-AE69-6F7582905F89}.Debug|Any CPU.ActiveCfg = Debug|Any CPU
		{AAAEE9D5-6D53-4302-AE69-6F7582905F89}.Debug|Any CPU.Build.0 = Debug|Any CPU
		{AAAEE9D5-6D53-4302-AE69-6F7582905F89}.Release|Any CPU.ActiveCfg = Release|Any CPU
		{AAAEE9D5-6D53-4302-AE69-6F7582905F89}.Release|Any CPU.Build.0 = Release|Any CPU
		{7E22B380-0523-44CB-A9A5-395222A06350}.Debug|Any CPU.ActiveCfg = Debug|Any CPU
		{7E22B380-0523-44CB-A9A5-395222A06350}.Debug|Any CPU.Build.0 = Debug|Any CPU
		{7E22B380-0523-44CB-A9A5-395222A06350}.Release|Any CPU.ActiveCfg = Release|Any CPU
		{7E22B380-0523-44CB-A9A5-395222A06350}.Release|Any CPU.Build.0 = Release|Any CPU
		{D5B3598E-DA14-4D97-9214-111D48750EB2}.Debug|Any CPU.ActiveCfg = Debug|Any CPU
		{D5B3598E-DA14-4D97-9214-111D48750EB2}.Debug|Any CPU.Build.0 = Debug|Any CPU
		{D5B3598E-DA14-4D97-9214-111D48750EB2}.Release|Any CPU.ActiveCfg = Release|Any CPU
		{D5B3598E-DA14-4D97-9214-111D48750EB2}.Release|Any CPU.Build.0 = Release|Any CPU
		{6810795A-689E-49E3-BC74-FDF521A2742C}.Debug|Any CPU.ActiveCfg = Debug|Any CPU
		{6810795A-689E-49E3-BC74-FDF521A2742C}.Debug|Any CPU.Build.0 = Debug|Any CPU
		{6810795A-689E-49E3-BC74-FDF521A2742C}.Release|Any CPU.ActiveCfg = Release|Any CPU
		{6810795A-689E-49E3-BC74-FDF521A2742C}.Release|Any CPU.Build.0 = Release|Any CPU
		{1A887CF9-7F58-485A-A100-D04A3F1676F8}.Debug|Any CPU.ActiveCfg = Debug|Any CPU
		{1A887CF9-7F58-485A-A100-D04A3F1676F8}.Debug|Any CPU.Build.0 = Debug|Any CPU
		{1A887CF9-7F58-485A-A100-D04A3F1676F8}.Release|Any CPU.ActiveCfg = Release|Any CPU
		{1A887CF9-7F58-485A-A100-D04A3F1676F8}.Release|Any CPU.Build.0 = Release|Any CPU
		{F54E9F5E-1B17-4EB3-8163-6E31182B7360}.Debug|Any CPU.ActiveCfg = Debug|Any CPU
		{F54E9F5E-1B17-4EB3-8163-6E31182B7360}.Debug|Any CPU.Build.0 = Debug|Any CPU
		{F54E9F5E-1B17-4EB3-8163-6E31182B7360}.Release|Any CPU.ActiveCfg = Release|Any CPU
		{F54E9F5E-1B17-4EB3-8163-6E31182B7360}.Release|Any CPU.Build.0 = Release|Any CPU
		{98EF1D53-E32F-4F1B-9845-C65A089189E6}.Debug|Any CPU.ActiveCfg = Debug|Any CPU
		{98EF1D53-E32F-4F1B-9845-C65A089189E6}.Debug|Any CPU.Build.0 = Debug|Any CPU
		{98EF1D53-E32F-4F1B-9845-C65A089189E6}.Release|Any CPU.ActiveCfg = Release|Any CPU
		{98EF1D53-E32F-4F1B-9845-C65A089189E6}.Release|Any CPU.Build.0 = Release|Any CPU
		{849A3C31-3481-4971-826B-C9A11C7195B3}.Debug|Any CPU.ActiveCfg = Debug|Any CPU
		{849A3C31-3481-4971-826B-C9A11C7195B3}.Debug|Any CPU.Build.0 = Debug|Any CPU
		{849A3C31-3481-4971-826B-C9A11C7195B3}.Release|Any CPU.ActiveCfg = Release|Any CPU
		{849A3C31-3481-4971-826B-C9A11C7195B3}.Release|Any CPU.Build.0 = Release|Any CPU
		{2367083D-B7E9-4B52-836D-DE981AE26CAB}.Debug|Any CPU.ActiveCfg = Debug|Any CPU
		{2367083D-B7E9-4B52-836D-DE981AE26CAB}.Debug|Any CPU.Build.0 = Debug|Any CPU
		{2367083D-B7E9-4B52-836D-DE981AE26CAB}.Release|Any CPU.ActiveCfg = Release|Any CPU
		{2367083D-B7E9-4B52-836D-DE981AE26CAB}.Release|Any CPU.Build.0 = Release|Any CPU
		{F13FBAA4-6F0D-44F7-BB94-2F319CB4D951}.Debug|Any CPU.ActiveCfg = Debug|Any CPU
		{F13FBAA4-6F0D-44F7-BB94-2F319CB4D951}.Debug|Any CPU.Build.0 = Debug|Any CPU
		{F13FBAA4-6F0D-44F7-BB94-2F319CB4D951}.Release|Any CPU.ActiveCfg = Release|Any CPU
		{F13FBAA4-6F0D-44F7-BB94-2F319CB4D951}.Release|Any CPU.Build.0 = Release|Any CPU
		{07A5ACF7-86A0-42E2-A846-E3225C0FFEAD}.Debug|Any CPU.ActiveCfg = Debug|Any CPU
		{07A5ACF7-86A0-42E2-A846-E3225C0FFEAD}.Debug|Any CPU.Build.0 = Debug|Any CPU
		{07A5ACF7-86A0-42E2-A846-E3225C0FFEAD}.Release|Any CPU.ActiveCfg = Release|Any CPU
		{07A5ACF7-86A0-42E2-A846-E3225C0FFEAD}.Release|Any CPU.Build.0 = Release|Any CPU
		{E6293D83-68DA-42F5-893D-7235E166951E}.Debug|Any CPU.ActiveCfg = Debug|Any CPU
		{E6293D83-68DA-42F5-893D-7235E166951E}.Debug|Any CPU.Build.0 = Debug|Any CPU
		{E6293D83-68DA-42F5-893D-7235E166951E}.Release|Any CPU.ActiveCfg = Release|Any CPU
		{E6293D83-68DA-42F5-893D-7235E166951E}.Release|Any CPU.Build.0 = Release|Any CPU
		{25489FE2-27C7-4471-9DAF-247FD7E84556}.Debug|Any CPU.ActiveCfg = Debug|Any CPU
		{25489FE2-27C7-4471-9DAF-247FD7E84556}.Debug|Any CPU.Build.0 = Debug|Any CPU
		{25489FE2-27C7-4471-9DAF-247FD7E84556}.Release|Any CPU.ActiveCfg = Release|Any CPU
		{25489FE2-27C7-4471-9DAF-247FD7E84556}.Release|Any CPU.Build.0 = Release|Any CPU
		{1561FD3B-2775-4F9F-9CB0-3BFBBEF659A7}.Debug|Any CPU.ActiveCfg = Debug|Any CPU
		{1561FD3B-2775-4F9F-9CB0-3BFBBEF659A7}.Debug|Any CPU.Build.0 = Debug|Any CPU
		{1561FD3B-2775-4F9F-9CB0-3BFBBEF659A7}.Release|Any CPU.ActiveCfg = Release|Any CPU
		{1561FD3B-2775-4F9F-9CB0-3BFBBEF659A7}.Release|Any CPU.Build.0 = Release|Any CPU
		{07702814-F0CC-455F-BA09-849AC34BB4A7}.Debug|Any CPU.ActiveCfg = Debug|Any CPU
		{07702814-F0CC-455F-BA09-849AC34BB4A7}.Debug|Any CPU.Build.0 = Debug|Any CPU
		{07702814-F0CC-455F-BA09-849AC34BB4A7}.Release|Any CPU.ActiveCfg = Release|Any CPU
		{07702814-F0CC-455F-BA09-849AC34BB4A7}.Release|Any CPU.Build.0 = Release|Any CPU
		{3AE2D106-B582-4D95-952D-1CE28A1DB166}.Debug|Any CPU.ActiveCfg = Debug|Any CPU
		{3AE2D106-B582-4D95-952D-1CE28A1DB166}.Debug|Any CPU.Build.0 = Debug|Any CPU
		{3AE2D106-B582-4D95-952D-1CE28A1DB166}.Release|Any CPU.ActiveCfg = Release|Any CPU
		{3AE2D106-B582-4D95-952D-1CE28A1DB166}.Release|Any CPU.Build.0 = Release|Any CPU
		{F8AE99FD-46D2-4817-BD27-283DE51F81E7}.Debug|Any CPU.ActiveCfg = Debug|Any CPU
		{F8AE99FD-46D2-4817-BD27-283DE51F81E7}.Debug|Any CPU.Build.0 = Debug|Any CPU
		{F8AE99FD-46D2-4817-BD27-283DE51F81E7}.Release|Any CPU.ActiveCfg = Release|Any CPU
		{F8AE99FD-46D2-4817-BD27-283DE51F81E7}.Release|Any CPU.Build.0 = Release|Any CPU
		{80DF400D-6A07-417D-B7EA-B112CE461FB9}.Debug|Any CPU.ActiveCfg = Debug|Any CPU
		{80DF400D-6A07-417D-B7EA-B112CE461FB9}.Debug|Any CPU.Build.0 = Debug|Any CPU
		{80DF400D-6A07-417D-B7EA-B112CE461FB9}.Release|Any CPU.ActiveCfg = Release|Any CPU
		{80DF400D-6A07-417D-B7EA-B112CE461FB9}.Release|Any CPU.Build.0 = Release|Any CPU
		{BDE5BEDF-7EF2-480E-82CE-6ADC81F44715}.Debug|Any CPU.ActiveCfg = Debug|Any CPU
		{BDE5BEDF-7EF2-480E-82CE-6ADC81F44715}.Debug|Any CPU.Build.0 = Debug|Any CPU
		{BDE5BEDF-7EF2-480E-82CE-6ADC81F44715}.Release|Any CPU.ActiveCfg = Release|Any CPU
		{BDE5BEDF-7EF2-480E-82CE-6ADC81F44715}.Release|Any CPU.Build.0 = Release|Any CPU
		{365FD0F1-149B-4E58-981E-AF5E34580FF7}.Debug|Any CPU.ActiveCfg = Debug|Any CPU
		{365FD0F1-149B-4E58-981E-AF5E34580FF7}.Debug|Any CPU.Build.0 = Debug|Any CPU
		{365FD0F1-149B-4E58-981E-AF5E34580FF7}.Release|Any CPU.ActiveCfg = Release|Any CPU
		{365FD0F1-149B-4E58-981E-AF5E34580FF7}.Release|Any CPU.Build.0 = Release|Any CPU
		{77AD1CFA-CA83-44D4-8CAF-D6E7D2975E58}.Debug|Any CPU.ActiveCfg = Debug|Any CPU
		{77AD1CFA-CA83-44D4-8CAF-D6E7D2975E58}.Debug|Any CPU.Build.0 = Debug|Any CPU
		{77AD1CFA-CA83-44D4-8CAF-D6E7D2975E58}.Release|Any CPU.ActiveCfg = Release|Any CPU
		{77AD1CFA-CA83-44D4-8CAF-D6E7D2975E58}.Release|Any CPU.Build.0 = Release|Any CPU
		{87BFDDF0-03E5-42E0-8947-7BA0B880A09D}.Debug|Any CPU.ActiveCfg = Debug|Any CPU
		{87BFDDF0-03E5-42E0-8947-7BA0B880A09D}.Debug|Any CPU.Build.0 = Debug|Any CPU
		{87BFDDF0-03E5-42E0-8947-7BA0B880A09D}.Release|Any CPU.ActiveCfg = Release|Any CPU
		{87BFDDF0-03E5-42E0-8947-7BA0B880A09D}.Release|Any CPU.Build.0 = Release|Any CPU
		{4BAAD88E-AC11-4A58-89A6-34C739CF86E4}.Debug|Any CPU.ActiveCfg = Debug|Any CPU
		{4BAAD88E-AC11-4A58-89A6-34C739CF86E4}.Debug|Any CPU.Build.0 = Debug|Any CPU
		{4BAAD88E-AC11-4A58-89A6-34C739CF86E4}.Release|Any CPU.ActiveCfg = Release|Any CPU
		{4BAAD88E-AC11-4A58-89A6-34C739CF86E4}.Release|Any CPU.Build.0 = Release|Any CPU
		{5C964D36-D474-4BA0-8E01-FA30CD715C12}.Debug|Any CPU.ActiveCfg = Debug|Any CPU
		{5C964D36-D474-4BA0-8E01-FA30CD715C12}.Debug|Any CPU.Build.0 = Debug|Any CPU
		{5C964D36-D474-4BA0-8E01-FA30CD715C12}.Release|Any CPU.ActiveCfg = Release|Any CPU
		{5C964D36-D474-4BA0-8E01-FA30CD715C12}.Release|Any CPU.Build.0 = Release|Any CPU
		{749C06B9-BBE5-48E8-8F61-6E48E6225FDF}.Debug|Any CPU.ActiveCfg = Debug|Any CPU
		{749C06B9-BBE5-48E8-8F61-6E48E6225FDF}.Debug|Any CPU.Build.0 = Debug|Any CPU
		{749C06B9-BBE5-48E8-8F61-6E48E6225FDF}.Release|Any CPU.ActiveCfg = Release|Any CPU
		{749C06B9-BBE5-48E8-8F61-6E48E6225FDF}.Release|Any CPU.Build.0 = Release|Any CPU
		{6E047260-603D-4CCC-B06E-199727200AB7}.Debug|Any CPU.ActiveCfg = Debug|Any CPU
		{6E047260-603D-4CCC-B06E-199727200AB7}.Debug|Any CPU.Build.0 = Debug|Any CPU
		{6E047260-603D-4CCC-B06E-199727200AB7}.Release|Any CPU.ActiveCfg = Release|Any CPU
		{6E047260-603D-4CCC-B06E-199727200AB7}.Release|Any CPU.Build.0 = Release|Any CPU
	EndGlobalSection
	GlobalSection(SolutionProperties) = preSolution
		HideSolutionNode = FALSE
	EndGlobalSection
	GlobalSection(ExtensibilityGlobals) = postSolution
		SolutionGuid = {F35DF074-897D-40E3-9E8A-FFF63629A21B}
	EndGlobalSection
EndGlobal
